// !$*UTF8*$!
{
	archiveVersion = 1;
	classes = {
	};
	objectVersion = 50;
	objects = {

/* Begin PBXBuildFile section */
		8400923B2611D6E30057E408 /* AppDelegate.swift in Sources */ = {isa = PBXBuildFile; fileRef = 8400923A2611D6E30057E408 /* AppDelegate.swift */; };
		8400923D2611D6E30057E408 /* SceneDelegate.swift in Sources */ = {isa = PBXBuildFile; fileRef = 8400923C2611D6E30057E408 /* SceneDelegate.swift */; };
		8400923F2611D6E30057E408 /* ViewController.swift in Sources */ = {isa = PBXBuildFile; fileRef = 8400923E2611D6E30057E408 /* ViewController.swift */; };
		840092422611D6E30057E408 /* Main.storyboard in Resources */ = {isa = PBXBuildFile; fileRef = 840092402611D6E30057E408 /* Main.storyboard */; };
		840092442611D6E40057E408 /* Assets.xcassets in Resources */ = {isa = PBXBuildFile; fileRef = 840092432611D6E40057E408 /* Assets.xcassets */; };
		840092472611D6E40057E408 /* LaunchScreen.storyboard in Resources */ = {isa = PBXBuildFile; fileRef = 840092452611D6E40057E408 /* LaunchScreen.storyboard */; };
		840092522611D6E50057E408 /* SampleGitTests.swift in Sources */ = {isa = PBXBuildFile; fileRef = 840092512611D6E50057E408 /* SampleGitTests.swift */; };
		8400925D2611D6E50057E408 /* SampleGitUITests.swift in Sources */ = {isa = PBXBuildFile; fileRef = 8400925C2611D6E50057E408 /* SampleGitUITests.swift */; };
/* End PBXBuildFile section */

/* Begin PBXContainerItemProxy section */
		8400924E2611D6E50057E408 /* PBXContainerItemProxy */ = {
			isa = PBXContainerItemProxy;
			containerPortal = 8400922F2611D6E30057E408 /* Project object */;
			proxyType = 1;
			remoteGlobalIDString = 840092362611D6E30057E408;
			remoteInfo = SampleGit;
		};
		840092592611D6E50057E408 /* PBXContainerItemProxy */ = {
			isa = PBXContainerItemProxy;
			containerPortal = 8400922F2611D6E30057E408 /* Project object */;
			proxyType = 1;
			remoteGlobalIDString = 840092362611D6E30057E408;
			remoteInfo = SampleGit;
		};
/* End PBXContainerItemProxy section */

/* Begin PBXFileReference section */
		840092372611D6E30057E408 /* SampleGit.app */ = {isa = PBXFileReference; explicitFileType = wrapper.application; includeInIndex = 0; path = SampleGit.app; sourceTree = BUILT_PRODUCTS_DIR; };
		8400923A2611D6E30057E408 /* AppDelegate.swift */ = {isa = PBXFileReference; lastKnownFileType = sourcecode.swift; path = AppDelegate.swift; sourceTree = "<group>"; };
		8400923C2611D6E30057E408 /* SceneDelegate.swift */ = {isa = PBXFileReference; lastKnownFileType = sourcecode.swift; path = SceneDelegate.swift; sourceTree = "<group>"; };
		8400923E2611D6E30057E408 /* ViewController.swift */ = {isa = PBXFileReference; lastKnownFileType = sourcecode.swift; path = ViewController.swift; sourceTree = "<group>"; };
		840092412611D6E30057E408 /* Base */ = {isa = PBXFileReference; lastKnownFileType = file.storyboard; name = Base; path = Base.lproj/Main.storyboard; sourceTree = "<group>"; };
		840092432611D6E40057E408 /* Assets.xcassets */ = {isa = PBXFileReference; lastKnownFileType = folder.assetcatalog; path = Assets.xcassets; sourceTree = "<group>"; };
		840092462611D6E40057E408 /* Base */ = {isa = PBXFileReference; lastKnownFileType = file.storyboard; name = Base; path = Base.lproj/LaunchScreen.storyboard; sourceTree = "<group>"; };
		840092482611D6E40057E408 /* Info.plist */ = {isa = PBXFileReference; lastKnownFileType = text.plist.xml; path = Info.plist; sourceTree = "<group>"; };
		8400924D2611D6E50057E408 /* SampleGitTests.xctest */ = {isa = PBXFileReference; explicitFileType = wrapper.cfbundle; includeInIndex = 0; path = SampleGitTests.xctest; sourceTree = BUILT_PRODUCTS_DIR; };
		840092512611D6E50057E408 /* SampleGitTests.swift */ = {isa = PBXFileReference; lastKnownFileType = sourcecode.swift; path = SampleGitTests.swift; sourceTree = "<group>"; };
		840092532611D6E50057E408 /* Info.plist */ = {isa = PBXFileReference; lastKnownFileType = text.plist.xml; path = Info.plist; sourceTree = "<group>"; };
		840092582611D6E50057E408 /* SampleGitUITests.xctest */ = {isa = PBXFileReference; explicitFileType = wrapper.cfbundle; includeInIndex = 0; path = SampleGitUITests.xctest; sourceTree = BUILT_PRODUCTS_DIR; };
		8400925C2611D6E50057E408 /* SampleGitUITests.swift */ = {isa = PBXFileReference; lastKnownFileType = sourcecode.swift; path = SampleGitUITests.swift; sourceTree = "<group>"; };
		8400925E2611D6E50057E408 /* Info.plist */ = {isa = PBXFileReference; lastKnownFileType = text.plist.xml; path = Info.plist; sourceTree = "<group>"; };
/* End PBXFileReference section */

/* Begin PBXFrameworksBuildPhase section */
		840092342611D6E30057E408 /* Frameworks */ = {
			isa = PBXFrameworksBuildPhase;
			buildActionMask = 2147483647;
			files = (
			);
			runOnlyForDeploymentPostprocessing = 0;
		};
		8400924A2611D6E50057E408 /* Frameworks */ = {
			isa = PBXFrameworksBuildPhase;
			buildActionMask = 2147483647;
			files = (
			);
			runOnlyForDeploymentPostprocessing = 0;
		};
		840092552611D6E50057E408 /* Frameworks */ = {
			isa = PBXFrameworksBuildPhase;
			buildActionMask = 2147483647;
			files = (
			);
			runOnlyForDeploymentPostprocessing = 0;
		};
/* End PBXFrameworksBuildPhase section */

/* Begin PBXGroup section */
		8400922E2611D6E30057E408 = {
			isa = PBXGroup;
			children = (
				840092392611D6E30057E408 /* SampleGit */,
				840092502611D6E50057E408 /* SampleGitTests */,
				8400925B2611D6E50057E408 /* SampleGitUITests */,
				840092382611D6E30057E408 /* Products */,
			);
			sourceTree = "<group>";
		};
		840092382611D6E30057E408 /* Products */ = {
			isa = PBXGroup;
			children = (
				840092372611D6E30057E408 /* SampleGit.app */,
				8400924D2611D6E50057E408 /* SampleGitTests.xctest */,
				840092582611D6E50057E408 /* SampleGitUITests.xctest */,
			);
			name = Products;
			sourceTree = "<group>";
		};
		840092392611D6E30057E408 /* SampleGit */ = {
			isa = PBXGroup;
			children = (
				8400923A2611D6E30057E408 /* AppDelegate.swift */,
				8400923C2611D6E30057E408 /* SceneDelegate.swift */,
				8400923E2611D6E30057E408 /* ViewController.swift */,
				840092402611D6E30057E408 /* Main.storyboard */,
				840092432611D6E40057E408 /* Assets.xcassets */,
				840092452611D6E40057E408 /* LaunchScreen.storyboard */,
				840092482611D6E40057E408 /* Info.plist */,
			);
			path = SampleGit;
			sourceTree = "<group>";
		};
		840092502611D6E50057E408 /* SampleGitTests */ = {
			isa = PBXGroup;
			children = (
				840092512611D6E50057E408 /* SampleGitTests.swift */,
				840092532611D6E50057E408 /* Info.plist */,
			);
			path = SampleGitTests;
			sourceTree = "<group>";
		};
		8400925B2611D6E50057E408 /* SampleGitUITests */ = {
			isa = PBXGroup;
			children = (
				8400925C2611D6E50057E408 /* SampleGitUITests.swift */,
				8400925E2611D6E50057E408 /* Info.plist */,
			);
			path = SampleGitUITests;
			sourceTree = "<group>";
		};
/* End PBXGroup section */

/* Begin PBXNativeTarget section */
		840092362611D6E30057E408 /* SampleGit */ = {
			isa = PBXNativeTarget;
			buildConfigurationList = 840092612611D6E50057E408 /* Build configuration list for PBXNativeTarget "SampleGit" */;
			buildPhases = (
				840092332611D6E30057E408 /* Sources */,
				840092342611D6E30057E408 /* Frameworks */,
				840092352611D6E30057E408 /* Resources */,
			);
			buildRules = (
			);
			dependencies = (
			);
			name = SampleGit;
			productName = SampleGit;
			productReference = 840092372611D6E30057E408 /* SampleGit.app */;
			productType = "com.apple.product-type.application";
		};
		8400924C2611D6E50057E408 /* SampleGitTests */ = {
			isa = PBXNativeTarget;
			buildConfigurationList = 840092642611D6E50057E408 /* Build configuration list for PBXNativeTarget "SampleGitTests" */;
			buildPhases = (
				840092492611D6E50057E408 /* Sources */,
				8400924A2611D6E50057E408 /* Frameworks */,
				8400924B2611D6E50057E408 /* Resources */,
			);
			buildRules = (
			);
			dependencies = (
				8400924F2611D6E50057E408 /* PBXTargetDependency */,
			);
			name = SampleGitTests;
			productName = SampleGitTests;
			productReference = 8400924D2611D6E50057E408 /* SampleGitTests.xctest */;
			productType = "com.apple.product-type.bundle.unit-test";
		};
		840092572611D6E50057E408 /* SampleGitUITests */ = {
			isa = PBXNativeTarget;
			buildConfigurationList = 840092672611D6E50057E408 /* Build configuration list for PBXNativeTarget "SampleGitUITests" */;
			buildPhases = (
				840092542611D6E50057E408 /* Sources */,
				840092552611D6E50057E408 /* Frameworks */,
				840092562611D6E50057E408 /* Resources */,
			);
			buildRules = (
			);
			dependencies = (
				8400925A2611D6E50057E408 /* PBXTargetDependency */,
			);
			name = SampleGitUITests;
			productName = SampleGitUITests;
			productReference = 840092582611D6E50057E408 /* SampleGitUITests.xctest */;
			productType = "com.apple.product-type.bundle.ui-testing";
		};
/* End PBXNativeTarget section */

/* Begin PBXProject section */
		8400922F2611D6E30057E408 /* Project object */ = {
			isa = PBXProject;
			attributes = {
				LastSwiftUpdateCheck = 1240;
				LastUpgradeCheck = 1240;
				TargetAttributes = {
					840092362611D6E30057E408 = {
						CreatedOnToolsVersion = 12.4;
					};
					8400924C2611D6E50057E408 = {
						CreatedOnToolsVersion = 12.4;
						TestTargetID = 840092362611D6E30057E408;
					};
					840092572611D6E50057E408 = {
						CreatedOnToolsVersion = 12.4;
						TestTargetID = 840092362611D6E30057E408;
					};
				};
			};
			buildConfigurationList = 840092322611D6E30057E408 /* Build configuration list for PBXProject "SampleGit" */;
			compatibilityVersion = "Xcode 9.3";
			developmentRegion = en;
			hasScannedForEncodings = 0;
			knownRegions = (
				en,
				Base,
			);
			mainGroup = 8400922E2611D6E30057E408;
			productRefGroup = 840092382611D6E30057E408 /* Products */;
			projectDirPath = "";
			projectRoot = "";
			targets = (
				840092362611D6E30057E408 /* SampleGit */,
				8400924C2611D6E50057E408 /* SampleGitTests */,
				840092572611D6E50057E408 /* SampleGitUITests */,
			);
		};
/* End PBXProject section */

/* Begin PBXResourcesBuildPhase section */
		840092352611D6E30057E408 /* Resources */ = {
			isa = PBXResourcesBuildPhase;
			buildActionMask = 2147483647;
			files = (
				840092472611D6E40057E408 /* LaunchScreen.storyboard in Resources */,
				840092442611D6E40057E408 /* Assets.xcassets in Resources */,
				840092422611D6E30057E408 /* Main.storyboard in Resources */,
			);
			runOnlyForDeploymentPostprocessing = 0;
		};
		8400924B2611D6E50057E408 /* Resources */ = {
			isa = PBXResourcesBuildPhase;
			buildActionMask = 2147483647;
			files = (
			);
			runOnlyForDeploymentPostprocessing = 0;
		};
		840092562611D6E50057E408 /* Resources */ = {
			isa = PBXResourcesBuildPhase;
			buildActionMask = 2147483647;
			files = (
			);
			runOnlyForDeploymentPostprocessing = 0;
		};
/* End PBXResourcesBuildPhase section */

/* Begin PBXSourcesBuildPhase section */
		840092332611D6E30057E408 /* Sources */ = {
			isa = PBXSourcesBuildPhase;
			buildActionMask = 2147483647;
			files = (
				8400923F2611D6E30057E408 /* ViewController.swift in Sources */,
				8400923B2611D6E30057E408 /* AppDelegate.swift in Sources */,
				8400923D2611D6E30057E408 /* SceneDelegate.swift in Sources */,
			);
			runOnlyForDeploymentPostprocessing = 0;
		};
		840092492611D6E50057E408 /* Sources */ = {
			isa = PBXSourcesBuildPhase;
			buildActionMask = 2147483647;
			files = (
				840092522611D6E50057E408 /* SampleGitTests.swift in Sources */,
			);
			runOnlyForDeploymentPostprocessing = 0;
		};
		840092542611D6E50057E408 /* Sources */ = {
			isa = PBXSourcesBuildPhase;
			buildActionMask = 2147483647;
			files = (
				8400925D2611D6E50057E408 /* SampleGitUITests.swift in Sources */,
			);
			runOnlyForDeploymentPostprocessing = 0;
		};
/* End PBXSourcesBuildPhase section */

/* Begin PBXTargetDependency section */
		8400924F2611D6E50057E408 /* PBXTargetDependency */ = {
			isa = PBXTargetDependency;
			target = 840092362611D6E30057E408 /* SampleGit */;
			targetProxy = 8400924E2611D6E50057E408 /* PBXContainerItemProxy */;
		};
		8400925A2611D6E50057E408 /* PBXTargetDependency */ = {
			isa = PBXTargetDependency;
			target = 840092362611D6E30057E408 /* SampleGit */;
			targetProxy = 840092592611D6E50057E408 /* PBXContainerItemProxy */;
		};
/* End PBXTargetDependency section */

/* Begin PBXVariantGroup section */
		840092402611D6E30057E408 /* Main.storyboard */ = {
			isa = PBXVariantGroup;
			children = (
				840092412611D6E30057E408 /* Base */,
			);
			name = Main.storyboard;
			sourceTree = "<group>";
		};
		840092452611D6E40057E408 /* LaunchScreen.storyboard */ = {
			isa = PBXVariantGroup;
			children = (
				840092462611D6E40057E408 /* Base */,
			);
			name = LaunchScreen.storyboard;
			sourceTree = "<group>";
		};
/* End PBXVariantGroup section */

/* Begin XCBuildConfiguration section */
		8400925F2611D6E50057E408 /* Debug */ = {
			isa = XCBuildConfiguration;
			buildSettings = {
				ALWAYS_SEARCH_USER_PATHS = NO;
				CLANG_ANALYZER_NONNULL = YES;
				CLANG_ANALYZER_NUMBER_OBJECT_CONVERSION = YES_AGGRESSIVE;
				CLANG_CXX_LANGUAGE_STANDARD = "gnu++14";
				CLANG_CXX_LIBRARY = "libc++";
				CLANG_ENABLE_MODULES = YES;
				CLANG_ENABLE_OBJC_ARC = YES;
				CLANG_ENABLE_OBJC_WEAK = YES;
				CLANG_WARN_BLOCK_CAPTURE_AUTORELEASING = YES;
				CLANG_WARN_BOOL_CONVERSION = YES;
				CLANG_WARN_COMMA = YES;
				CLANG_WARN_CONSTANT_CONVERSION = YES;
				CLANG_WARN_DEPRECATED_OBJC_IMPLEMENTATIONS = YES;
				CLANG_WARN_DIRECT_OBJC_ISA_USAGE = YES_ERROR;
				CLANG_WARN_DOCUMENTATION_COMMENTS = YES;
				CLANG_WARN_EMPTY_BODY = YES;
				CLANG_WARN_ENUM_CONVERSION = YES;
				CLANG_WARN_INFINITE_RECURSION = YES;
				CLANG_WARN_INT_CONVERSION = YES;
				CLANG_WARN_NON_LITERAL_NULL_CONVERSION = YES;
				CLANG_WARN_OBJC_IMPLICIT_RETAIN_SELF = YES;
				CLANG_WARN_OBJC_LITERAL_CONVERSION = YES;
				CLANG_WARN_OBJC_ROOT_CLASS = YES_ERROR;
				CLANG_WARN_QUOTED_INCLUDE_IN_FRAMEWORK_HEADER = YES;
				CLANG_WARN_RANGE_LOOP_ANALYSIS = YES;
				CLANG_WARN_STRICT_PROTOTYPES = YES;
				CLANG_WARN_SUSPICIOUS_MOVE = YES;
				CLANG_WARN_UNGUARDED_AVAILABILITY = YES_AGGRESSIVE;
				CLANG_WARN_UNREACHABLE_CODE = YES;
				CLANG_WARN__DUPLICATE_METHOD_MATCH = YES;
				COPY_PHASE_STRIP = NO;
				DEBUG_INFORMATION_FORMAT = dwarf;
				ENABLE_STRICT_OBJC_MSGSEND = YES;
				ENABLE_TESTABILITY = YES;
				GCC_C_LANGUAGE_STANDARD = gnu11;
				GCC_DYNAMIC_NO_PIC = NO;
				GCC_NO_COMMON_BLOCKS = YES;
				GCC_OPTIMIZATION_LEVEL = 0;
				GCC_PREPROCESSOR_DEFINITIONS = (
					"DEBUG=1",
					"$(inherited)",
				);
				GCC_WARN_64_TO_32_BIT_CONVERSION = YES;
				GCC_WARN_ABOUT_RETURN_TYPE = YES_ERROR;
				GCC_WARN_UNDECLARED_SELECTOR = YES;
				GCC_WARN_UNINITIALIZED_AUTOS = YES_AGGRESSIVE;
				GCC_WARN_UNUSED_FUNCTION = YES;
				GCC_WARN_UNUSED_VARIABLE = YES;
				IPHONEOS_DEPLOYMENT_TARGET = 14.4;
				MTL_ENABLE_DEBUG_INFO = INCLUDE_SOURCE;
				MTL_FAST_MATH = YES;
				ONLY_ACTIVE_ARCH = YES;
				SDKROOT = iphoneos;
				SWIFT_ACTIVE_COMPILATION_CONDITIONS = DEBUG;
				SWIFT_OPTIMIZATION_LEVEL = "-Onone";
			};
			name = Debug;
		};
		840092602611D6E50057E408 /* Release */ = {
			isa = XCBuildConfiguration;
			buildSettings = {
				ALWAYS_SEARCH_USER_PATHS = NO;
				CLANG_ANALYZER_NONNULL = YES;
				CLANG_ANALYZER_NUMBER_OBJECT_CONVERSION = YES_AGGRESSIVE;
				CLANG_CXX_LANGUAGE_STANDARD = "gnu++14";
				CLANG_CXX_LIBRARY = "libc++";
				CLANG_ENABLE_MODULES = YES;
				CLANG_ENABLE_OBJC_ARC = YES;
				CLANG_ENABLE_OBJC_WEAK = YES;
				CLANG_WARN_BLOCK_CAPTURE_AUTORELEASING = YES;
				CLANG_WARN_BOOL_CONVERSION = YES;
				CLANG_WARN_COMMA = YES;
				CLANG_WARN_CONSTANT_CONVERSION = YES;
				CLANG_WARN_DEPRECATED_OBJC_IMPLEMENTATIONS = YES;
				CLANG_WARN_DIRECT_OBJC_ISA_USAGE = YES_ERROR;
				CLANG_WARN_DOCUMENTATION_COMMENTS = YES;
				CLANG_WARN_EMPTY_BODY = YES;
				CLANG_WARN_ENUM_CONVERSION = YES;
				CLANG_WARN_INFINITE_RECURSION = YES;
				CLANG_WARN_INT_CONVERSION = YES;
				CLANG_WARN_NON_LITERAL_NULL_CONVERSION = YES;
				CLANG_WARN_OBJC_IMPLICIT_RETAIN_SELF = YES;
				CLANG_WARN_OBJC_LITERAL_CONVERSION = YES;
				CLANG_WARN_OBJC_ROOT_CLASS = YES_ERROR;
				CLANG_WARN_QUOTED_INCLUDE_IN_FRAMEWORK_HEADER = YES;
				CLANG_WARN_RANGE_LOOP_ANALYSIS = YES;
				CLANG_WARN_STRICT_PROTOTYPES = YES;
				CLANG_WARN_SUSPICIOUS_MOVE = YES;
				CLANG_WARN_UNGUARDED_AVAILABILITY = YES_AGGRESSIVE;
				CLANG_WARN_UNREACHABLE_CODE = YES;
				CLANG_WARN__DUPLICATE_METHOD_MATCH = YES;
				COPY_PHASE_STRIP = NO;
				DEBUG_INFORMATION_FORMAT = "dwarf-with-dsym";
				ENABLE_NS_ASSERTIONS = NO;
				ENABLE_STRICT_OBJC_MSGSEND = YES;
				GCC_C_LANGUAGE_STANDARD = gnu11;
				GCC_NO_COMMON_BLOCKS = YES;
				GCC_WARN_64_TO_32_BIT_CONVERSION = YES;
				GCC_WARN_ABOUT_RETURN_TYPE = YES_ERROR;
				GCC_WARN_UNDECLARED_SELECTOR = YES;
				GCC_WARN_UNINITIALIZED_AUTOS = YES_AGGRESSIVE;
				GCC_WARN_UNUSED_FUNCTION = YES;
				GCC_WARN_UNUSED_VARIABLE = YES;
				IPHONEOS_DEPLOYMENT_TARGET = 14.4;
				MTL_ENABLE_DEBUG_INFO = NO;
				MTL_FAST_MATH = YES;
				SDKROOT = iphoneos;
				SWIFT_COMPILATION_MODE = wholemodule;
				SWIFT_OPTIMIZATION_LEVEL = "-O";
				VALIDATE_PRODUCT = YES;
			};
			name = Release;
		};
		840092622611D6E50057E408 /* Debug */ = {
			isa = XCBuildConfiguration;
			buildSettings = {
				ASSETCATALOG_COMPILER_APPICON_NAME = AppIcon;
				ASSETCATALOG_COMPILER_GLOBAL_ACCENT_COLOR_NAME = AccentColor;
				CODE_SIGN_STYLE = Automatic;
				INFOPLIST_FILE = SampleGit/Info.plist;
				LD_RUNPATH_SEARCH_PATHS = (
					"$(inherited)",
					"@executable_path/Frameworks",
				);
				PRODUCT_BUNDLE_IDENTIFIER = com.devRabbit.SampleApp.SampleGit;
				PRODUCT_NAME = "$(TARGET_NAME)";
				SWIFT_VERSION = 5.0;
				TARGETED_DEVICE_FAMILY = "1,2";
			};
			name = Debug;
		};
		840092632611D6E50057E408 /* Release */ = {
			isa = XCBuildConfiguration;
			buildSettings = {
				ASSETCATALOG_COMPILER_APPICON_NAME = AppIcon;
				ASSETCATALOG_COMPILER_GLOBAL_ACCENT_COLOR_NAME = AccentColor;
				CODE_SIGN_STYLE = Automatic;
				INFOPLIST_FILE = SampleGit/Info.plist;
				LD_RUNPATH_SEARCH_PATHS = (
					"$(inherited)",
					"@executable_path/Frameworks",
				);
				PRODUCT_BUNDLE_IDENTIFIER = com.devRabbit.SampleApp.SampleGit;
				PRODUCT_NAME = "$(TARGET_NAME)";
				SWIFT_VERSION = 5.0;
				TARGETED_DEVICE_FAMILY = "1,2";
			};
			name = Release;
		};
		840092652611D6E50057E408 /* Debug */ = {
			isa = XCBuildConfiguration;
			buildSettings = {
				ALWAYS_EMBED_SWIFT_STANDARD_LIBRARIES = YES;
				BUNDLE_LOADER = "$(TEST_HOST)";
				CODE_SIGN_STYLE = Automatic;
				INFOPLIST_FILE = SampleGitTests/Info.plist;
				IPHONEOS_DEPLOYMENT_TARGET = 14.4;
				LD_RUNPATH_SEARCH_PATHS = (
					"$(inherited)",
					"@executable_path/Frameworks",
					"@loader_path/Frameworks",
				);
				PRODUCT_BUNDLE_IDENTIFIER = com.devRabbit.SampleApp.SampleGitTests;
				PRODUCT_NAME = "$(TARGET_NAME)";
				SWIFT_VERSION = 5.0;
				TARGETED_DEVICE_FAMILY = "1,2";
				TEST_HOST = "$(BUILT_PRODUCTS_DIR)/SampleGit.app/SampleGit";
			};
			name = Debug;
		};
		840092662611D6E50057E408 /* Release */ = {
			isa = XCBuildConfiguration;
			buildSettings = {
				ALWAYS_EMBED_SWIFT_STANDARD_LIBRARIES = YES;
				BUNDLE_LOADER = "$(TEST_HOST)";
				CODE_SIGN_STYLE = Automatic;
				INFOPLIST_FILE = SampleGitTests/Info.plist;
				IPHONEOS_DEPLOYMENT_TARGET = 14.4;
				LD_RUNPATH_SEARCH_PATHS = (
					"$(inherited)",
					"@executable_path/Frameworks",
					"@loader_path/Frameworks",
				);
				PRODUCT_BUNDLE_IDENTIFIER = com.devRabbit.SampleApp.SampleGitTests;
				PRODUCT_NAME = "$(TARGET_NAME)";
				SWIFT_VERSION = 5.0;
				TARGETED_DEVICE_FAMILY = "1,2";
				TEST_HOST = "$(BUILT_PRODUCTS_DIR)/SampleGit.app/SampleGit";
			};
			name = Release;
		};
		840092682611D6E50057E408 /* Debug */ = {
			isa = XCBuildConfiguration;
			buildSettings = {
				ALWAYS_EMBED_SWIFT_STANDARD_LIBRARIES = YES;
				CODE_SIGN_STYLE = Automatic;
				INFOPLIST_FILE = SampleGitUITests/Info.plist;
				LD_RUNPATH_SEARCH_PATHS = (
					"$(inherited)",
					"@executable_path/Frameworks",
					"@loader_path/Frameworks",
				);
				PRODUCT_BUNDLE_IDENTIFIER = com.devRabbit.SampleApp.SampleGitUITests;
				PRODUCT_NAME = "$(TARGET_NAME)";
				SWIFT_VERSION = 5.0;
				TARGETED_DEVICE_FAMILY = "1,2";
				TEST_TARGET_NAME = SampleGit;
			};
			name = Debug;
		};
		840092692611D6E50057E408 /* Release */ = {
			isa = XCBuildConfiguration;
			buildSettings = {
				ALWAYS_EMBED_SWIFT_STANDARD_LIBRARIES = YES;
				CODE_SIGN_STYLE = Automatic;
				INFOPLIST_FILE = SampleGitUITests/Info.plist;
				LD_RUNPATH_SEARCH_PATHS = (
					"$(inherited)",
					"@executable_path/Frameworks",
					"@loader_path/Frameworks",
				);
				PRODUCT_BUNDLE_IDENTIFIER = com.devRabbit.SampleApp.SampleGitUITests;
				PRODUCT_NAME = "$(TARGET_NAME)";
				SWIFT_VERSION = 5.0;
				TARGETED_DEVICE_FAMILY = "1,2";
				TEST_TARGET_NAME = SampleGit;
			};
			name = Release;
		};
/* End XCBuildConfiguration section */

/* Begin XCConfigurationList section */
		840092322611D6E30057E408 /* Build configuration list for PBXProject "SampleGit" */ = {
			isa = XCConfigurationList;
			buildConfigurations = (
				8400925F2611D6E50057E408 /* Debug */,
				840092602611D6E50057E408 /* Release */,
			);
			defaultConfigurationIsVisible = 0;
			defaultConfigurationName = Release;
		};
		840092612611D6E50057E408 /* Build configuration list for PBXNativeTarget "SampleGit" */ = {
			isa = XCConfigurationList;
			buildConfigurations = (
				840092622611D6E50057E408 /* Debug */,
				840092632611D6E50057E408 /* Release */,
			);
			defaultConfigurationIsVisible = 0;
			defaultConfigurationName = Release;
		};
		840092642611D6E50057E408 /* Build configuration list for PBXNativeTarget "SampleGitTests" */ = {
			isa = XCConfigurationList;
			buildConfigurations = (
				840092652611D6E50057E408 /* Debug */,
				840092662611D6E50057E408 /* Release */,
			);
			defaultConfigurationIsVisible = 0;
			defaultConfigurationName = Release;
		};
		840092672611D6E50057E408 /* Build configuration list for PBXNativeTarget "SampleGitUITests" */ = {
			isa = XCConfigurationList;
			buildConfigurations = (
				840092682611D6E50057E408 /* Debug */,
				840092692611D6E50057E408 /* Release */,
			);
			defaultConfigurationIsVisible = 0;
			defaultConfigurationName = Release;
		};
/* End XCConfigurationList section */
	};
	rootObject = 8400922F2611D6E30057E408 /* Project object */;
}
